
Microsoft Visual Studio Solution File, Format Version 12.00
# Visual Studio Version 16
VisualStudioVersion = 16.0.31624.102
MinimumVisualStudioVersion = 10.0.40219.1
Project("{FAE04EC0-301F-11D3-BF4B-00C04F79EFBC}") = "Peergrade4", "Peergrade4\Peergrade4.csproj", "{48F21081-09B3-4E2D-800F-2170F6322504}"
EndProject
Global
	GlobalSection(SolutionConfigurationPlatforms) = preSolution
		Debug|Any CPU = Debug|Any CPU
		Release|Any CPU = Release|Any CPU
	EndGlobalSection
	GlobalSection(ProjectConfigurationPlatforms) = postSolution
		{48F21081-09B3-4E2D-800F-2170F6322504}.Debug|Any CPU.ActiveCfg = Debug|Any CPU
		{48F21081-09B3-4E2D-800F-2170F6322504}.Debug|Any CPU.Build.0 = Debug|Any CPU
		{48F21081-09B3-4E2D-800F-2170F6322504}.Release|Any CPU.ActiveCfg = Release|Any CPU
		{48F21081-09B3-4E2D-800F-2170F6322504}.Release|Any CPU.Build.0 = Release|Any CPU
	EndGlobalSection
	GlobalSection(SolutionProperties) = preSolution
		HideSolutionNode = FALSE
	EndGlobalSection
	GlobalSection(ExtensibilityGlobals) = postSolution
		SolutionGuid = {8FD16E13-2A57-4E2A-B6B6-C4CE4364A4B7}
	EndGlobalSection
EndGlobal
